// !$*UTF8*$!
{
	archiveVersion = 1;
	classes = {
	};
	objectVersion = 51;
	objects = {

/* Begin PBXBuildFile section */
		2366948184BA2E31AA743316 /* Pods_Idus_Test_App_Idus_Test_AppUITests.framework in Frameworks */ = {isa = PBXBuildFile; fileRef = D16AE90D518320A1CE13A5ED /* Pods_Idus_Test_App_Idus_Test_AppUITests.framework */; };
		575FB4DF8597D7927D310CC8 /* Pods_Idus_Test_AppTests.framework in Frameworks */ = {isa = PBXBuildFile; fileRef = F94452CE8C3F76EAB6D4C213 /* Pods_Idus_Test_AppTests.framework */; };
		898A1DC5581C7ED1632BD08D /* Pods_Idus_Test_App.framework in Frameworks */ = {isa = PBXBuildFile; fileRef = B881B10BE1E97D4D82F4DB77 /* Pods_Idus_Test_App.framework */; };
		9B3FC802239E09E000A7FF80 /* AppConstants.swift in Sources */ = {isa = PBXBuildFile; fileRef = 9B3FC801239E09E000A7FF80 /* AppConstants.swift */; };
		9B3FC805239E189F00A7FF80 /* HomeViewCell.swift in Sources */ = {isa = PBXBuildFile; fileRef = 9B3FC804239E189F00A7FF80 /* HomeViewCell.swift */; };
		9B450D03239FCE5600F01D9B /* storefront_24px.svg in Resources */ = {isa = PBXBuildFile; fileRef = 9B450D02239FCE5600F01D9B /* storefront_24px.svg */; };
		9B623CCB239E5B1000C56A55 /* no_image.png in Resources */ = {isa = PBXBuildFile; fileRef = 9B623CCA239E5B1000C56A55 /* no_image.png */; };
		9B623CCD239E744C00C56A55 /* DetailViewController.swift in Sources */ = {isa = PBXBuildFile; fileRef = 9B623CCC239E744C00C56A55 /* DetailViewController.swift */; };
		9B623CCF239E746B00C56A55 /* DetailModel.swift in Sources */ = {isa = PBXBuildFile; fileRef = 9B623CCE239E746B00C56A55 /* DetailModel.swift */; };
		9B623CD1239E787500C56A55 /* DetailViewModel.swift in Sources */ = {isa = PBXBuildFile; fileRef = 9B623CD0239E787500C56A55 /* DetailViewModel.swift */; };
		9B9AEA142397DFBA00E20E21 /* AppDelegate.swift in Sources */ = {isa = PBXBuildFile; fileRef = 9B9AEA132397DFBA00E20E21 /* AppDelegate.swift */; };
		9B9AEA162397DFBA00E20E21 /* SceneDelegate.swift in Sources */ = {isa = PBXBuildFile; fileRef = 9B9AEA152397DFBA00E20E21 /* SceneDelegate.swift */; };
		9B9AEA1B2397DFBA00E20E21 /* Main.storyboard in Resources */ = {isa = PBXBuildFile; fileRef = 9B9AEA192397DFBA00E20E21 /* Main.storyboard */; };
		9B9AEA1D2397DFBE00E20E21 /* Assets.xcassets in Resources */ = {isa = PBXBuildFile; fileRef = 9B9AEA1C2397DFBE00E20E21 /* Assets.xcassets */; };
		9B9AEA2B2397DFBE00E20E21 /* Idus_Test_AppTests.swift in Sources */ = {isa = PBXBuildFile; fileRef = 9B9AEA2A2397DFBE00E20E21 /* Idus_Test_AppTests.swift */; };
		9B9AEA362397DFBE00E20E21 /* Idus_Test_AppUITests.swift in Sources */ = {isa = PBXBuildFile; fileRef = 9B9AEA352397DFBE00E20E21 /* Idus_Test_AppUITests.swift */; };
		9B9AEA4F2397F08B00E20E21 /* idus.png in Resources */ = {isa = PBXBuildFile; fileRef = 9B9AEA4E2397F08B00E20E21 /* idus.png */; };
		9B9AEA572397F3CF00E20E21 /* LoadingViewController.swift in Sources */ = {isa = PBXBuildFile; fileRef = 9B9AEA552397F3CF00E20E21 /* LoadingViewController.swift */; };
		9B9AEA582397F3CF00E20E21 /* HomeViewController.swift in Sources */ = {isa = PBXBuildFile; fileRef = 9B9AEA562397F3CF00E20E21 /* HomeViewController.swift */; };
		9B9AEA5A2397F40700E20E21 /* HomeViewModel.swift in Sources */ = {isa = PBXBuildFile; fileRef = 9B9AEA592397F40700E20E21 /* HomeViewModel.swift */; };
		9B9AEA5C2397F45800E20E21 /* HomeModel.swift in Sources */ = {isa = PBXBuildFile; fileRef = 9B9AEA5B2397F45800E20E21 /* HomeModel.swift */; };
		9BBDCC81239FDD56005D842A /* loop_24px.svg in Resources */ = {isa = PBXBuildFile; fileRef = 9BBDCC80239FDD56005D842A /* loop_24px.svg */; };
		9BBDCC83239FE0EE005D842A /* HomeViewFooter.swift in Sources */ = {isa = PBXBuildFile; fileRef = 9BBDCC82239FE0EE005D842A /* HomeViewFooter.swift */; };
		9BD48E5523A14BE5007336E8 /* cancel_24px.svg in Resources */ = {isa = PBXBuildFile; fileRef = 9BD48E5423A14BE5007336E8 /* cancel_24px.svg */; };
/* End PBXBuildFile section */

/* Begin PBXContainerItemProxy section */
		9B9AEA272397DFBE00E20E21 /* PBXContainerItemProxy */ = {
			isa = PBXContainerItemProxy;
			containerPortal = 9B9AEA082397DFBA00E20E21 /* Project object */;
			proxyType = 1;
			remoteGlobalIDString = 9B9AEA0F2397DFBA00E20E21;
			remoteInfo = Idus_Test_App;
		};
		9B9AEA322397DFBE00E20E21 /* PBXContainerItemProxy */ = {
			isa = PBXContainerItemProxy;
			containerPortal = 9B9AEA082397DFBA00E20E21 /* Project object */;
			proxyType = 1;
			remoteGlobalIDString = 9B9AEA0F2397DFBA00E20E21;
			remoteInfo = Idus_Test_App;
		};
/* End PBXContainerItemProxy section */

/* Begin PBXFileReference section */
		0D865C2081714BD43DDDDF04 /* Pods-Idus_Test_AppTests.release.xcconfig */ = {isa = PBXFileReference; includeInIndex = 1; lastKnownFileType = text.xcconfig; name = "Pods-Idus_Test_AppTests.release.xcconfig"; path = "Target Support Files/Pods-Idus_Test_AppTests/Pods-Idus_Test_AppTests.release.xcconfig"; sourceTree = "<group>"; };
		276DE1E3EF91BB9F79DED76A /* Pods-Idus_Test_App.debug.xcconfig */ = {isa = PBXFileReference; includeInIndex = 1; lastKnownFileType = text.xcconfig; name = "Pods-Idus_Test_App.debug.xcconfig"; path = "Target Support Files/Pods-Idus_Test_App/Pods-Idus_Test_App.debug.xcconfig"; sourceTree = "<group>"; };
		41C03C9EEE53CA3D2B992E04 /* Pods-Idus_Test_App.release.xcconfig */ = {isa = PBXFileReference; includeInIndex = 1; lastKnownFileType = text.xcconfig; name = "Pods-Idus_Test_App.release.xcconfig"; path = "Target Support Files/Pods-Idus_Test_App/Pods-Idus_Test_App.release.xcconfig"; sourceTree = "<group>"; };
		56B1241D3AF1A244A7C70AB4 /* Pods-Idus_Test_App-Idus_Test_AppUITests.release.xcconfig */ = {isa = PBXFileReference; includeInIndex = 1; lastKnownFileType = text.xcconfig; name = "Pods-Idus_Test_App-Idus_Test_AppUITests.release.xcconfig"; path = "Target Support Files/Pods-Idus_Test_App-Idus_Test_AppUITests/Pods-Idus_Test_App-Idus_Test_AppUITests.release.xcconfig"; sourceTree = "<group>"; };
		9B3FC801239E09E000A7FF80 /* AppConstants.swift */ = {isa = PBXFileReference; lastKnownFileType = sourcecode.swift; path = AppConstants.swift; sourceTree = "<group>"; };
		9B3FC804239E189F00A7FF80 /* HomeViewCell.swift */ = {isa = PBXFileReference; lastKnownFileType = sourcecode.swift; path = HomeViewCell.swift; sourceTree = "<group>"; };
		9B450D02239FCE5600F01D9B /* storefront_24px.svg */ = {isa = PBXFileReference; fileEncoding = 4; lastKnownFileType = text.xml; path = storefront_24px.svg; sourceTree = "<group>"; };
		9B623CCA239E5B1000C56A55 /* no_image.png */ = {isa = PBXFileReference; lastKnownFileType = image.png; path = no_image.png; sourceTree = "<group>"; };
		9B623CCC239E744C00C56A55 /* DetailViewController.swift */ = {isa = PBXFileReference; lastKnownFileType = sourcecode.swift; path = DetailViewController.swift; sourceTree = "<group>"; };
		9B623CCE239E746B00C56A55 /* DetailModel.swift */ = {isa = PBXFileReference; lastKnownFileType = sourcecode.swift; path = DetailModel.swift; sourceTree = "<group>"; };
		9B623CD0239E787500C56A55 /* DetailViewModel.swift */ = {isa = PBXFileReference; lastKnownFileType = sourcecode.swift; path = DetailViewModel.swift; sourceTree = "<group>"; };
		9B9AEA102397DFBA00E20E21 /* Idus_Test_App.app */ = {isa = PBXFileReference; explicitFileType = wrapper.application; includeInIndex = 0; path = Idus_Test_App.app; sourceTree = BUILT_PRODUCTS_DIR; };
		9B9AEA132397DFBA00E20E21 /* AppDelegate.swift */ = {isa = PBXFileReference; lastKnownFileType = sourcecode.swift; path = AppDelegate.swift; sourceTree = "<group>"; };
		9B9AEA152397DFBA00E20E21 /* SceneDelegate.swift */ = {isa = PBXFileReference; lastKnownFileType = sourcecode.swift; path = SceneDelegate.swift; sourceTree = "<group>"; };
		9B9AEA1A2397DFBA00E20E21 /* Base */ = {isa = PBXFileReference; lastKnownFileType = file.storyboard; name = Base; path = Base.lproj/Main.storyboard; sourceTree = "<group>"; };
		9B9AEA1C2397DFBE00E20E21 /* Assets.xcassets */ = {isa = PBXFileReference; lastKnownFileType = folder.assetcatalog; path = Assets.xcassets; sourceTree = "<group>"; };
		9B9AEA212397DFBE00E20E21 /* Info.plist */ = {isa = PBXFileReference; lastKnownFileType = text.plist.xml; path = Info.plist; sourceTree = "<group>"; };
		9B9AEA262397DFBE00E20E21 /* Idus_Test_AppTests.xctest */ = {isa = PBXFileReference; explicitFileType = wrapper.cfbundle; includeInIndex = 0; path = Idus_Test_AppTests.xctest; sourceTree = BUILT_PRODUCTS_DIR; };
		9B9AEA2A2397DFBE00E20E21 /* Idus_Test_AppTests.swift */ = {isa = PBXFileReference; lastKnownFileType = sourcecode.swift; path = Idus_Test_AppTests.swift; sourceTree = "<group>"; };
		9B9AEA2C2397DFBE00E20E21 /* Info.plist */ = {isa = PBXFileReference; lastKnownFileType = text.plist.xml; path = Info.plist; sourceTree = "<group>"; };
		9B9AEA312397DFBE00E20E21 /* Idus_Test_AppUITests.xctest */ = {isa = PBXFileReference; explicitFileType = wrapper.cfbundle; includeInIndex = 0; path = Idus_Test_AppUITests.xctest; sourceTree = BUILT_PRODUCTS_DIR; };
		9B9AEA352397DFBE00E20E21 /* Idus_Test_AppUITests.swift */ = {isa = PBXFileReference; lastKnownFileType = sourcecode.swift; path = Idus_Test_AppUITests.swift; sourceTree = "<group>"; };
		9B9AEA372397DFBE00E20E21 /* Info.plist */ = {isa = PBXFileReference; lastKnownFileType = text.plist.xml; path = Info.plist; sourceTree = "<group>"; };
		9B9AEA4E2397F08B00E20E21 /* idus.png */ = {isa = PBXFileReference; lastKnownFileType = image.png; path = idus.png; sourceTree = "<group>"; };
		9B9AEA552397F3CF00E20E21 /* LoadingViewController.swift */ = {isa = PBXFileReference; fileEncoding = 4; lastKnownFileType = sourcecode.swift; path = LoadingViewController.swift; sourceTree = "<group>"; };
		9B9AEA562397F3CF00E20E21 /* HomeViewController.swift */ = {isa = PBXFileReference; fileEncoding = 4; lastKnownFileType = sourcecode.swift; path = HomeViewController.swift; sourceTree = "<group>"; };
		9B9AEA592397F40700E20E21 /* HomeViewModel.swift */ = {isa = PBXFileReference; lastKnownFileType = sourcecode.swift; path = HomeViewModel.swift; sourceTree = "<group>"; };
		9B9AEA5B2397F45800E20E21 /* HomeModel.swift */ = {isa = PBXFileReference; lastKnownFileType = sourcecode.swift; path = HomeModel.swift; sourceTree = "<group>"; };
		9BBDCC80239FDD56005D842A /* loop_24px.svg */ = {isa = PBXFileReference; fileEncoding = 4; lastKnownFileType = text; path = loop_24px.svg; sourceTree = "<group>"; };
		9BBDCC82239FE0EE005D842A /* HomeViewFooter.swift */ = {isa = PBXFileReference; lastKnownFileType = sourcecode.swift; path = HomeViewFooter.swift; sourceTree = "<group>"; };
		9BD48E5423A14BE5007336E8 /* cancel_24px.svg */ = {isa = PBXFileReference; fileEncoding = 4; lastKnownFileType = text; path = cancel_24px.svg; sourceTree = "<group>"; };
		B2D1845D5BBB51D5083E7B71 /* Pods-Idus_Test_App-Idus_Test_AppUITests.debug.xcconfig */ = {isa = PBXFileReference; includeInIndex = 1; lastKnownFileType = text.xcconfig; name = "Pods-Idus_Test_App-Idus_Test_AppUITests.debug.xcconfig"; path = "Target Support Files/Pods-Idus_Test_App-Idus_Test_AppUITests/Pods-Idus_Test_App-Idus_Test_AppUITests.debug.xcconfig"; sourceTree = "<group>"; };
		B881B10BE1E97D4D82F4DB77 /* Pods_Idus_Test_App.framework */ = {isa = PBXFileReference; explicitFileType = wrapper.framework; includeInIndex = 0; path = Pods_Idus_Test_App.framework; sourceTree = BUILT_PRODUCTS_DIR; };
		D16AE90D518320A1CE13A5ED /* Pods_Idus_Test_App_Idus_Test_AppUITests.framework */ = {isa = PBXFileReference; explicitFileType = wrapper.framework; includeInIndex = 0; path = Pods_Idus_Test_App_Idus_Test_AppUITests.framework; sourceTree = BUILT_PRODUCTS_DIR; };
		F94452CE8C3F76EAB6D4C213 /* Pods_Idus_Test_AppTests.framework */ = {isa = PBXFileReference; explicitFileType = wrapper.framework; includeInIndex = 0; path = Pods_Idus_Test_AppTests.framework; sourceTree = BUILT_PRODUCTS_DIR; };
		FDB9C5FEF0B77063225CB1FF /* Pods-Idus_Test_AppTests.debug.xcconfig */ = {isa = PBXFileReference; includeInIndex = 1; lastKnownFileType = text.xcconfig; name = "Pods-Idus_Test_AppTests.debug.xcconfig"; path = "Target Support Files/Pods-Idus_Test_AppTests/Pods-Idus_Test_AppTests.debug.xcconfig"; sourceTree = "<group>"; };
/* End PBXFileReference section */

/* Begin PBXFrameworksBuildPhase section */
		9B9AEA0D2397DFBA00E20E21 /* Frameworks */ = {
			isa = PBXFrameworksBuildPhase;
			buildActionMask = 2147483647;
			files = (
				898A1DC5581C7ED1632BD08D /* Pods_Idus_Test_App.framework in Frameworks */,
			);
			runOnlyForDeploymentPostprocessing = 0;
		};
		9B9AEA232397DFBE00E20E21 /* Frameworks */ = {
			isa = PBXFrameworksBuildPhase;
			buildActionMask = 2147483647;
			files = (
				575FB4DF8597D7927D310CC8 /* Pods_Idus_Test_AppTests.framework in Frameworks */,
			);
			runOnlyForDeploymentPostprocessing = 0;
		};
		9B9AEA2E2397DFBE00E20E21 /* Frameworks */ = {
			isa = PBXFrameworksBuildPhase;
			buildActionMask = 2147483647;
			files = (
				2366948184BA2E31AA743316 /* Pods_Idus_Test_App_Idus_Test_AppUITests.framework in Frameworks */,
			);
			runOnlyForDeploymentPostprocessing = 0;
		};
/* End PBXFrameworksBuildPhase section */

/* Begin PBXGroup section */
		731B2CAF5170B36B04FA3913 /* Frameworks */ = {
			isa = PBXGroup;
			children = (
				B881B10BE1E97D4D82F4DB77 /* Pods_Idus_Test_App.framework */,
				D16AE90D518320A1CE13A5ED /* Pods_Idus_Test_App_Idus_Test_AppUITests.framework */,
				F94452CE8C3F76EAB6D4C213 /* Pods_Idus_Test_AppTests.framework */,
			);
			name = Frameworks;
			sourceTree = "<group>";
		};
		9AEA52AD181E5D41783C7F77 /* Pods */ = {
			isa = PBXGroup;
			children = (
				276DE1E3EF91BB9F79DED76A /* Pods-Idus_Test_App.debug.xcconfig */,
				41C03C9EEE53CA3D2B992E04 /* Pods-Idus_Test_App.release.xcconfig */,
				B2D1845D5BBB51D5083E7B71 /* Pods-Idus_Test_App-Idus_Test_AppUITests.debug.xcconfig */,
				56B1241D3AF1A244A7C70AB4 /* Pods-Idus_Test_App-Idus_Test_AppUITests.release.xcconfig */,
				FDB9C5FEF0B77063225CB1FF /* Pods-Idus_Test_AppTests.debug.xcconfig */,
				0D865C2081714BD43DDDDF04 /* Pods-Idus_Test_AppTests.release.xcconfig */,
			);
			path = Pods;
			sourceTree = "<group>";
		};
		9B3FC800239E09D500A7FF80 /* Common */ = {
			isa = PBXGroup;
			children = (
				9B3FC801239E09E000A7FF80 /* AppConstants.swift */,
			);
			path = Common;
			sourceTree = "<group>";
		};
		9B3FC803239E188C00A7FF80 /* Cell */ = {
			isa = PBXGroup;
			children = (
				9B3FC804239E189F00A7FF80 /* HomeViewCell.swift */,
				9BBDCC82239FE0EE005D842A /* HomeViewFooter.swift */,
			);
			path = Cell;
			sourceTree = "<group>";
		};
		9B9AEA072397DFBA00E20E21 = {
			isa = PBXGroup;
			children = (
				9B9AEA122397DFBA00E20E21 /* Idus_Test_App */,
				9B9AEA292397DFBE00E20E21 /* Idus_Test_AppTests */,
				9B9AEA342397DFBE00E20E21 /* Idus_Test_AppUITests */,
				9B9AEA112397DFBA00E20E21 /* Products */,
				9AEA52AD181E5D41783C7F77 /* Pods */,
				731B2CAF5170B36B04FA3913 /* Frameworks */,
			);
			sourceTree = "<group>";
		};
		9B9AEA112397DFBA00E20E21 /* Products */ = {
			isa = PBXGroup;
			children = (
				9B9AEA102397DFBA00E20E21 /* Idus_Test_App.app */,
				9B9AEA262397DFBE00E20E21 /* Idus_Test_AppTests.xctest */,
				9B9AEA312397DFBE00E20E21 /* Idus_Test_AppUITests.xctest */,
			);
			name = Products;
			sourceTree = "<group>";
		};
		9B9AEA122397DFBA00E20E21 /* Idus_Test_App */ = {
			isa = PBXGroup;
			children = (
				9B3FC803239E188C00A7FF80 /* Cell */,
				9B3FC800239E09D500A7FF80 /* Common */,
				9B9AEA542397F3AE00E20E21 /* Model */,
				9B9AEA532397F39200E20E21 /* ViewModel */,
				9B9AEA522397F37200E20E21 /* ViewController */,
				9B9AEA472397E23600E20E21 /* img */,
				9B9AEA132397DFBA00E20E21 /* AppDelegate.swift */,
				9B9AEA152397DFBA00E20E21 /* SceneDelegate.swift */,
				9B9AEA192397DFBA00E20E21 /* Main.storyboard */,
				9B9AEA1C2397DFBE00E20E21 /* Assets.xcassets */,
				9B9AEA212397DFBE00E20E21 /* Info.plist */,
			);
			path = Idus_Test_App;
			sourceTree = "<group>";
		};
		9B9AEA292397DFBE00E20E21 /* Idus_Test_AppTests */ = {
			isa = PBXGroup;
			children = (
				9B9AEA2A2397DFBE00E20E21 /* Idus_Test_AppTests.swift */,
				9B9AEA2C2397DFBE00E20E21 /* Info.plist */,
			);
			path = Idus_Test_AppTests;
			sourceTree = "<group>";
		};
		9B9AEA342397DFBE00E20E21 /* Idus_Test_AppUITests */ = {
			isa = PBXGroup;
			children = (
				9B9AEA352397DFBE00E20E21 /* Idus_Test_AppUITests.swift */,
				9B9AEA372397DFBE00E20E21 /* Info.plist */,
			);
			path = Idus_Test_AppUITests;
			sourceTree = "<group>";
		};
		9B9AEA472397E23600E20E21 /* img */ = {
			isa = PBXGroup;
			children = (
				9BD48E5423A14BE5007336E8 /* cancel_24px.svg */,
				9BBDCC80239FDD56005D842A /* loop_24px.svg */,
				9B450D02239FCE5600F01D9B /* storefront_24px.svg */,
				9B623CCA239E5B1000C56A55 /* no_image.png */,
				9B9AEA4E2397F08B00E20E21 /* idus.png */,
			);
			path = img;
			sourceTree = "<group>";
		};
		9B9AEA522397F37200E20E21 /* ViewController */ = {
			isa = PBXGroup;
			children = (
				9B9AEA562397F3CF00E20E21 /* HomeViewController.swift */,
				9B9AEA552397F3CF00E20E21 /* LoadingViewController.swift */,
				9B623CCC239E744C00C56A55 /* DetailViewController.swift */,
			);
			path = ViewController;
			sourceTree = "<group>";
		};
		9B9AEA532397F39200E20E21 /* ViewModel */ = {
			isa = PBXGroup;
			children = (
				9B9AEA592397F40700E20E21 /* HomeViewModel.swift */,
				9B623CD0239E787500C56A55 /* DetailViewModel.swift */,
			);
			path = ViewModel;
			sourceTree = "<group>";
		};
		9B9AEA542397F3AE00E20E21 /* Model */ = {
			isa = PBXGroup;
			children = (
				9B9AEA5B2397F45800E20E21 /* HomeModel.swift */,
				9B623CCE239E746B00C56A55 /* DetailModel.swift */,
			);
			path = Model;
			sourceTree = "<group>";
		};
/* End PBXGroup section */

/* Begin PBXNativeTarget section */
		9B9AEA0F2397DFBA00E20E21 /* Idus_Test_App */ = {
			isa = PBXNativeTarget;
			buildConfigurationList = 9B9AEA3A2397DFBE00E20E21 /* Build configuration list for PBXNativeTarget "Idus_Test_App" */;
			buildPhases = (
				820CDAC4901DDBBF8659B5E6 /* [CP] Check Pods Manifest.lock */,
				9B9AEA0C2397DFBA00E20E21 /* Sources */,
				9B9AEA0D2397DFBA00E20E21 /* Frameworks */,
				9B9AEA0E2397DFBA00E20E21 /* Resources */,
				BC606C1CCF491D8CF47DC137 /* [CP] Embed Pods Frameworks */,
			);
			buildRules = (
			);
			dependencies = (
			);
			name = Idus_Test_App;
			productName = Idus_Test_App;
			productReference = 9B9AEA102397DFBA00E20E21 /* Idus_Test_App.app */;
			productType = "com.apple.product-type.application";
		};
		9B9AEA252397DFBE00E20E21 /* Idus_Test_AppTests */ = {
			isa = PBXNativeTarget;
			buildConfigurationList = 9B9AEA3D2397DFBE00E20E21 /* Build configuration list for PBXNativeTarget "Idus_Test_AppTests" */;
			buildPhases = (
				820FE9DE604633A182BA3EB4 /* [CP] Check Pods Manifest.lock */,
				9B9AEA222397DFBE00E20E21 /* Sources */,
				9B9AEA232397DFBE00E20E21 /* Frameworks */,
				9B9AEA242397DFBE00E20E21 /* Resources */,
			);
			buildRules = (
			);
			dependencies = (
				9B9AEA282397DFBE00E20E21 /* PBXTargetDependency */,
			);
			name = Idus_Test_AppTests;
			productName = Idus_Test_AppTests;
			productReference = 9B9AEA262397DFBE00E20E21 /* Idus_Test_AppTests.xctest */;
			productType = "com.apple.product-type.bundle.unit-test";
		};
		9B9AEA302397DFBE00E20E21 /* Idus_Test_AppUITests */ = {
			isa = PBXNativeTarget;
			buildConfigurationList = 9B9AEA402397DFBE00E20E21 /* Build configuration list for PBXNativeTarget "Idus_Test_AppUITests" */;
			buildPhases = (
				80B40E83D1E4C08B7D90EF15 /* [CP] Check Pods Manifest.lock */,
				9B9AEA2D2397DFBE00E20E21 /* Sources */,
				9B9AEA2E2397DFBE00E20E21 /* Frameworks */,
				9B9AEA2F2397DFBE00E20E21 /* Resources */,
				DA38B48189DAF69ADC1656E8 /* [CP] Embed Pods Frameworks */,
			);
			buildRules = (
			);
			dependencies = (
				9B9AEA332397DFBE00E20E21 /* PBXTargetDependency */,
			);
			name = Idus_Test_AppUITests;
			productName = Idus_Test_AppUITests;
			productReference = 9B9AEA312397DFBE00E20E21 /* Idus_Test_AppUITests.xctest */;
			productType = "com.apple.product-type.bundle.ui-testing";
		};
/* End PBXNativeTarget section */

/* Begin PBXProject section */
		9B9AEA082397DFBA00E20E21 /* Project object */ = {
			isa = PBXProject;
			attributes = {
				LastSwiftUpdateCheck = 1120;
				LastUpgradeCheck = 1120;
				ORGANIZATIONNAME = lee;
				TargetAttributes = {
					9B9AEA0F2397DFBA00E20E21 = {
						CreatedOnToolsVersion = 11.2.1;
					};
					9B9AEA252397DFBE00E20E21 = {
						CreatedOnToolsVersion = 11.2.1;
						TestTargetID = 9B9AEA0F2397DFBA00E20E21;
					};
					9B9AEA302397DFBE00E20E21 = {
						CreatedOnToolsVersion = 11.2.1;
						TestTargetID = 9B9AEA0F2397DFBA00E20E21;
					};
				};
			};
			buildConfigurationList = 9B9AEA0B2397DFBA00E20E21 /* Build configuration list for PBXProject "Idus_Test_App" */;
			compatibilityVersion = "Xcode 9.3";
			developmentRegion = en;
			hasScannedForEncodings = 0;
			knownRegions = (
				en,
				Base,
			);
			mainGroup = 9B9AEA072397DFBA00E20E21;
			productRefGroup = 9B9AEA112397DFBA00E20E21 /* Products */;
			projectDirPath = "";
			projectRoot = "";
			targets = (
				9B9AEA0F2397DFBA00E20E21 /* Idus_Test_App */,
				9B9AEA252397DFBE00E20E21 /* Idus_Test_AppTests */,
				9B9AEA302397DFBE00E20E21 /* Idus_Test_AppUITests */,
			);
		};
/* End PBXProject section */

/* Begin PBXResourcesBuildPhase section */
		9B9AEA0E2397DFBA00E20E21 /* Resources */ = {
			isa = PBXResourcesBuildPhase;
			buildActionMask = 2147483647;
			files = (
				9B9AEA1D2397DFBE00E20E21 /* Assets.xcassets in Resources */,
				9B9AEA1B2397DFBA00E20E21 /* Main.storyboard in Resources */,
				9BBDCC81239FDD56005D842A /* loop_24px.svg in Resources */,
				9B623CCB239E5B1000C56A55 /* no_image.png in Resources */,
				9B9AEA4F2397F08B00E20E21 /* idus.png in Resources */,
				9BD48E5523A14BE5007336E8 /* cancel_24px.svg in Resources */,
				9B450D03239FCE5600F01D9B /* storefront_24px.svg in Resources */,
			);
			runOnlyForDeploymentPostprocessing = 0;
		};
		9B9AEA242397DFBE00E20E21 /* Resources */ = {
			isa = PBXResourcesBuildPhase;
			buildActionMask = 2147483647;
			files = (
			);
			runOnlyForDeploymentPostprocessing = 0;
		};
		9B9AEA2F2397DFBE00E20E21 /* Resources */ = {
			isa = PBXResourcesBuildPhase;
			buildActionMask = 2147483647;
			files = (
			);
			runOnlyForDeploymentPostprocessing = 0;
		};
/* End PBXResourcesBuildPhase section */

/* Begin PBXShellScriptBuildPhase section */
		80B40E83D1E4C08B7D90EF15 /* [CP] Check Pods Manifest.lock */ = {
			isa = PBXShellScriptBuildPhase;
			buildActionMask = 2147483647;
			files = (
			);
			inputFileListPaths = (
			);
			inputPaths = (
				"${PODS_PODFILE_DIR_PATH}/Podfile.lock",
				"${PODS_ROOT}/Manifest.lock",
			);
			name = "[CP] Check Pods Manifest.lock";
			outputFileListPaths = (
			);
			outputPaths = (
				"$(DERIVED_FILE_DIR)/Pods-Idus_Test_App-Idus_Test_AppUITests-checkManifestLockResult.txt",
			);
			runOnlyForDeploymentPostprocessing = 0;
			shellPath = /bin/sh;
			shellScript = "diff \"${PODS_PODFILE_DIR_PATH}/Podfile.lock\" \"${PODS_ROOT}/Manifest.lock\" > /dev/null\nif [ $? != 0 ] ; then\n    # print error to STDERR\n    echo \"error: The sandbox is not in sync with the Podfile.lock. Run 'pod install' or update your CocoaPods installation.\" >&2\n    exit 1\nfi\n# This output is used by Xcode 'outputs' to avoid re-running this script phase.\necho \"SUCCESS\" > \"${SCRIPT_OUTPUT_FILE_0}\"\n";
			showEnvVarsInLog = 0;
		};
		820CDAC4901DDBBF8659B5E6 /* [CP] Check Pods Manifest.lock */ = {
			isa = PBXShellScriptBuildPhase;
			buildActionMask = 2147483647;
			files = (
			);
			inputFileListPaths = (
			);
			inputPaths = (
				"${PODS_PODFILE_DIR_PATH}/Podfile.lock",
				"${PODS_ROOT}/Manifest.lock",
			);
			name = "[CP] Check Pods Manifest.lock";
			outputFileListPaths = (
			);
			outputPaths = (
				"$(DERIVED_FILE_DIR)/Pods-Idus_Test_App-checkManifestLockResult.txt",
			);
			runOnlyForDeploymentPostprocessing = 0;
			shellPath = /bin/sh;
			shellScript = "diff \"${PODS_PODFILE_DIR_PATH}/Podfile.lock\" \"${PODS_ROOT}/Manifest.lock\" > /dev/null\nif [ $? != 0 ] ; then\n    # print error to STDERR\n    echo \"error: The sandbox is not in sync with the Podfile.lock. Run 'pod install' or update your CocoaPods installation.\" >&2\n    exit 1\nfi\n# This output is used by Xcode 'outputs' to avoid re-running this script phase.\necho \"SUCCESS\" > \"${SCRIPT_OUTPUT_FILE_0}\"\n";
			showEnvVarsInLog = 0;
		};
		820FE9DE604633A182BA3EB4 /* [CP] Check Pods Manifest.lock */ = {
			isa = PBXShellScriptBuildPhase;
			buildActionMask = 2147483647;
			files = (
			);
			inputFileListPaths = (
			);
			inputPaths = (
				"${PODS_PODFILE_DIR_PATH}/Podfile.lock",
				"${PODS_ROOT}/Manifest.lock",
			);
			name = "[CP] Check Pods Manifest.lock";
			outputFileListPaths = (
			);
			outputPaths = (
				"$(DERIVED_FILE_DIR)/Pods-Idus_Test_AppTests-checkManifestLockResult.txt",
			);
			runOnlyForDeploymentPostprocessing = 0;
			shellPath = /bin/sh;
			shellScript = "diff \"${PODS_PODFILE_DIR_PATH}/Podfile.lock\" \"${PODS_ROOT}/Manifest.lock\" > /dev/null\nif [ $? != 0 ] ; then\n    # print error to STDERR\n    echo \"error: The sandbox is not in sync with the Podfile.lock. Run 'pod install' or update your CocoaPods installation.\" >&2\n    exit 1\nfi\n# This output is used by Xcode 'outputs' to avoid re-running this script phase.\necho \"SUCCESS\" > \"${SCRIPT_OUTPUT_FILE_0}\"\n";
			showEnvVarsInLog = 0;
		};
		BC606C1CCF491D8CF47DC137 /* [CP] Embed Pods Frameworks */ = {
			isa = PBXShellScriptBuildPhase;
			buildActionMask = 2147483647;
			files = (
			);
			inputFileListPaths = (
				"${PODS_ROOT}/Target Support Files/Pods-Idus_Test_App/Pods-Idus_Test_App-frameworks-${CONFIGURATION}-input-files.xcfilelist",
			);
			name = "[CP] Embed Pods Frameworks";
			outputFileListPaths = (
				"${PODS_ROOT}/Target Support Files/Pods-Idus_Test_App/Pods-Idus_Test_App-frameworks-${CONFIGURATION}-output-files.xcfilelist",
			);
			runOnlyForDeploymentPostprocessing = 0;
			shellPath = /bin/sh;
			shellScript = "\"${PODS_ROOT}/Target Support Files/Pods-Idus_Test_App/Pods-Idus_Test_App-frameworks.sh\"\n";
			showEnvVarsInLog = 0;
		};
		DA38B48189DAF69ADC1656E8 /* [CP] Embed Pods Frameworks */ = {
			isa = PBXShellScriptBuildPhase;
			buildActionMask = 2147483647;
			files = (
			);
			inputFileListPaths = (
				"${PODS_ROOT}/Target Support Files/Pods-Idus_Test_App-Idus_Test_AppUITests/Pods-Idus_Test_App-Idus_Test_AppUITests-frameworks-${CONFIGURATION}-input-files.xcfilelist",
			);
			name = "[CP] Embed Pods Frameworks";
			outputFileListPaths = (
				"${PODS_ROOT}/Target Support Files/Pods-Idus_Test_App-Idus_Test_AppUITests/Pods-Idus_Test_App-Idus_Test_AppUITests-frameworks-${CONFIGURATION}-output-files.xcfilelist",
			);
			runOnlyForDeploymentPostprocessing = 0;
			shellPath = /bin/sh;
			shellScript = "\"${PODS_ROOT}/Target Support Files/Pods-Idus_Test_App-Idus_Test_AppUITests/Pods-Idus_Test_App-Idus_Test_AppUITests-frameworks.sh\"\n";
			showEnvVarsInLog = 0;
		};
/* End PBXShellScriptBuildPhase section */

/* Begin PBXSourcesBuildPhase section */
		9B9AEA0C2397DFBA00E20E21 /* Sources */ = {
			isa = PBXSourcesBuildPhase;
			buildActionMask = 2147483647;
			files = (
				9B623CCD239E744C00C56A55 /* DetailViewController.swift in Sources */,
				9B9AEA142397DFBA00E20E21 /* AppDelegate.swift in Sources */,
				9BBDCC83239FE0EE005D842A /* HomeViewFooter.swift in Sources */,
				9B3FC805239E189F00A7FF80 /* HomeViewCell.swift in Sources */,
				9B9AEA162397DFBA00E20E21 /* SceneDelegate.swift in Sources */,
				9B9AEA5C2397F45800E20E21 /* HomeModel.swift in Sources */,
				9B9AEA572397F3CF00E20E21 /* LoadingViewController.swift in Sources */,
				9B623CCF239E746B00C56A55 /* DetailModel.swift in Sources */,
				9B3FC802239E09E000A7FF80 /* AppConstants.swift in Sources */,
				9B9AEA5A2397F40700E20E21 /* HomeViewModel.swift in Sources */,
				9B623CD1239E787500C56A55 /* DetailViewModel.swift in Sources */,
				9B9AEA582397F3CF00E20E21 /* HomeViewController.swift in Sources */,
			);
			runOnlyForDeploymentPostprocessing = 0;
		};
		9B9AEA222397DFBE00E20E21 /* Sources */ = {
			isa = PBXSourcesBuildPhase;
			buildActionMask = 2147483647;
			files = (
				9B9AEA2B2397DFBE00E20E21 /* Idus_Test_AppTests.swift in Sources */,
			);
			runOnlyForDeploymentPostprocessing = 0;
		};
		9B9AEA2D2397DFBE00E20E21 /* Sources */ = {
			isa = PBXSourcesBuildPhase;
			buildActionMask = 2147483647;
			files = (
				9B9AEA362397DFBE00E20E21 /* Idus_Test_AppUITests.swift in Sources */,
			);
			runOnlyForDeploymentPostprocessing = 0;
		};
/* End PBXSourcesBuildPhase section */

/* Begin PBXTargetDependency section */
		9B9AEA282397DFBE00E20E21 /* PBXTargetDependency */ = {
			isa = PBXTargetDependency;
			target = 9B9AEA0F2397DFBA00E20E21 /* Idus_Test_App */;
			targetProxy = 9B9AEA272397DFBE00E20E21 /* PBXContainerItemProxy */;
		};
		9B9AEA332397DFBE00E20E21 /* PBXTargetDependency */ = {
			isa = PBXTargetDependency;
			target = 9B9AEA0F2397DFBA00E20E21 /* Idus_Test_App */;
			targetProxy = 9B9AEA322397DFBE00E20E21 /* PBXContainerItemProxy */;
		};
/* End PBXTargetDependency section */

/* Begin PBXVariantGroup section */
		9B9AEA192397DFBA00E20E21 /* Main.storyboard */ = {
			isa = PBXVariantGroup;
			children = (
				9B9AEA1A2397DFBA00E20E21 /* Base */,
			);
			name = Main.storyboard;
			sourceTree = "<group>";
		};
/* End PBXVariantGroup section */

/* Begin XCBuildConfiguration section */
		9B9AEA382397DFBE00E20E21 /* Debug */ = {
			isa = XCBuildConfiguration;
			buildSettings = {
				ALWAYS_SEARCH_USER_PATHS = NO;
				CLANG_ANALYZER_NONNULL = YES;
				CLANG_ANALYZER_NUMBER_OBJECT_CONVERSION = YES_AGGRESSIVE;
				CLANG_CXX_LANGUAGE_STANDARD = "gnu++14";
				CLANG_CXX_LIBRARY = "libc++";
				CLANG_ENABLE_MODULES = YES;
				CLANG_ENABLE_OBJC_ARC = YES;
				CLANG_ENABLE_OBJC_WEAK = YES;
				CLANG_WARN_BLOCK_CAPTURE_AUTORELEASING = YES;
				CLANG_WARN_BOOL_CONVERSION = YES;
				CLANG_WARN_COMMA = YES;
				CLANG_WARN_CONSTANT_CONVERSION = YES;
				CLANG_WARN_DEPRECATED_OBJC_IMPLEMENTATIONS = YES;
				CLANG_WARN_DIRECT_OBJC_ISA_USAGE = YES_ERROR;
				CLANG_WARN_DOCUMENTATION_COMMENTS = YES;
				CLANG_WARN_EMPTY_BODY = YES;
				CLANG_WARN_ENUM_CONVERSION = YES;
				CLANG_WARN_INFINITE_RECURSION = YES;
				CLANG_WARN_INT_CONVERSION = YES;
				CLANG_WARN_NON_LITERAL_NULL_CONVERSION = YES;
				CLANG_WARN_OBJC_IMPLICIT_RETAIN_SELF = YES;
				CLANG_WARN_OBJC_LITERAL_CONVERSION = YES;
				CLANG_WARN_OBJC_ROOT_CLASS = YES_ERROR;
				CLANG_WARN_RANGE_LOOP_ANALYSIS = YES;
				CLANG_WARN_STRICT_PROTOTYPES = YES;
				CLANG_WARN_SUSPICIOUS_MOVE = YES;
				CLANG_WARN_UNGUARDED_AVAILABILITY = YES_AGGRESSIVE;
				CLANG_WARN_UNREACHABLE_CODE = YES;
				CLANG_WARN__DUPLICATE_METHOD_MATCH = YES;
				COPY_PHASE_STRIP = NO;
				DEBUG_INFORMATION_FORMAT = dwarf;
				ENABLE_STRICT_OBJC_MSGSEND = YES;
				ENABLE_TESTABILITY = YES;
				GCC_C_LANGUAGE_STANDARD = gnu11;
				GCC_DYNAMIC_NO_PIC = NO;
				GCC_NO_COMMON_BLOCKS = YES;
				GCC_OPTIMIZATION_LEVEL = 0;
				GCC_PREPROCESSOR_DEFINITIONS = (
					"DEBUG=1",
					"$(inherited)",
				);
				GCC_WARN_64_TO_32_BIT_CONVERSION = YES;
				GCC_WARN_ABOUT_RETURN_TYPE = YES_ERROR;
				GCC_WARN_UNDECLARED_SELECTOR = YES;
				GCC_WARN_UNINITIALIZED_AUTOS = YES_AGGRESSIVE;
				GCC_WARN_UNUSED_FUNCTION = YES;
				GCC_WARN_UNUSED_VARIABLE = YES;
				IPHONEOS_DEPLOYMENT_TARGET = 13.2;
				MTL_ENABLE_DEBUG_INFO = INCLUDE_SOURCE;
				MTL_FAST_MATH = YES;
				ONLY_ACTIVE_ARCH = YES;
				SDKROOT = iphoneos;
				SWIFT_ACTIVE_COMPILATION_CONDITIONS = DEBUG;
				SWIFT_OPTIMIZATION_LEVEL = "-Onone";
			};
			name = Debug;
		};
		9B9AEA392397DFBE00E20E21 /* Release */ = {
			isa = XCBuildConfiguration;
			buildSettings = {
				ALWAYS_SEARCH_USER_PATHS = NO;
				CLANG_ANALYZER_NONNULL = YES;
				CLANG_ANALYZER_NUMBER_OBJECT_CONVERSION = YES_AGGRESSIVE;
				CLANG_CXX_LANGUAGE_STANDARD = "gnu++14";
				CLANG_CXX_LIBRARY = "libc++";
				CLANG_ENABLE_MODULES = YES;
				CLANG_ENABLE_OBJC_ARC = YES;
				CLANG_ENABLE_OBJC_WEAK = YES;
				CLANG_WARN_BLOCK_CAPTURE_AUTORELEASING = YES;
				CLANG_WARN_BOOL_CONVERSION = YES;
				CLANG_WARN_COMMA = YES;
				CLANG_WARN_CONSTANT_CONVERSION = YES;
				CLANG_WARN_DEPRECATED_OBJC_IMPLEMENTATIONS = YES;
				CLANG_WARN_DIRECT_OBJC_ISA_USAGE = YES_ERROR;
				CLANG_WARN_DOCUMENTATION_COMMENTS = YES;
				CLANG_WARN_EMPTY_BODY = YES;
				CLANG_WARN_ENUM_CONVERSION = YES;
				CLANG_WARN_INFINITE_RECURSION = YES;
				CLANG_WARN_INT_CONVERSION = YES;
				CLANG_WARN_NON_LITERAL_NULL_CONVERSION = YES;
				CLANG_WARN_OBJC_IMPLICIT_RETAIN_SELF = YES;
				CLANG_WARN_OBJC_LITERAL_CONVERSION = YES;
				CLANG_WARN_OBJC_ROOT_CLASS = YES_ERROR;
				CLANG_WARN_RANGE_LOOP_ANALYSIS = YES;
				CLANG_WARN_STRICT_PROTOTYPES = YES;
				CLANG_WARN_SUSPICIOUS_MOVE = YES;
				CLANG_WARN_UNGUARDED_AVAILABILITY = YES_AGGRESSIVE;
				CLANG_WARN_UNREACHABLE_CODE = YES;
				CLANG_WARN__DUPLICATE_METHOD_MATCH = YES;
				COPY_PHASE_STRIP = NO;
				DEBUG_INFORMATION_FORMAT = "dwarf-with-dsym";
				ENABLE_NS_ASSERTIONS = NO;
				ENABLE_STRICT_OBJC_MSGSEND = YES;
				GCC_C_LANGUAGE_STANDARD = gnu11;
				GCC_NO_COMMON_BLOCKS = YES;
				GCC_WARN_64_TO_32_BIT_CONVERSION = YES;
				GCC_WARN_ABOUT_RETURN_TYPE = YES_ERROR;
				GCC_WARN_UNDECLARED_SELECTOR = YES;
				GCC_WARN_UNINITIALIZED_AUTOS = YES_AGGRESSIVE;
				GCC_WARN_UNUSED_FUNCTION = YES;
				GCC_WARN_UNUSED_VARIABLE = YES;
				IPHONEOS_DEPLOYMENT_TARGET = 13.2;
				MTL_ENABLE_DEBUG_INFO = NO;
				MTL_FAST_MATH = YES;
				SDKROOT = iphoneos;
				SWIFT_COMPILATION_MODE = wholemodule;
				SWIFT_OPTIMIZATION_LEVEL = "-O";
				VALIDATE_PRODUCT = YES;
			};
			name = Release;
		};
		9B9AEA3B2397DFBE00E20E21 /* Debug */ = {
			isa = XCBuildConfiguration;
			baseConfigurationReference = 276DE1E3EF91BB9F79DED76A /* Pods-Idus_Test_App.debug.xcconfig */;
			buildSettings = {
				ASSETCATALOG_COMPILER_APPICON_NAME = AppIcon;
				CODE_SIGN_STYLE = Automatic;
				DEVELOPMENT_TEAM = P3K3QFQ884;
				INFOPLIST_FILE = Idus_Test_App/Info.plist;
				LD_RUNPATH_SEARCH_PATHS = (
					"$(inherited)",
					"@executable_path/Frameworks",
				);
				PRODUCT_BUNDLE_IDENTIFIER = "com.idus.kr.Idus-Test-App";
				PRODUCT_NAME = "$(TARGET_NAME)";
				SWIFT_VERSION = 5.0;
				TARGETED_DEVICE_FAMILY = 1;
			};
			name = Debug;
		};
		9B9AEA3C2397DFBE00E20E21 /* Release */ = {
			isa = XCBuildConfiguration;
			baseConfigurationReference = 41C03C9EEE53CA3D2B992E04 /* Pods-Idus_Test_App.release.xcconfig */;
			buildSettings = {
				ASSETCATALOG_COMPILER_APPICON_NAME = AppIcon;
				CODE_SIGN_STYLE = Automatic;
				DEVELOPMENT_TEAM = P3K3QFQ884;
				INFOPLIST_FILE = Idus_Test_App/Info.plist;
				LD_RUNPATH_SEARCH_PATHS = (
					"$(inherited)",
					"@executable_path/Frameworks",
				);
				PRODUCT_BUNDLE_IDENTIFIER = "com.idus.kr.Idus-Test-App";
				PRODUCT_NAME = "$(TARGET_NAME)";
				SWIFT_VERSION = 5.0;
				TARGETED_DEVICE_FAMILY = 1;
			};
			name = Release;
		};
		9B9AEA3E2397DFBE00E20E21 /* Debug */ = {
			isa = XCBuildConfiguration;
			baseConfigurationReference = FDB9C5FEF0B77063225CB1FF /* Pods-Idus_Test_AppTests.debug.xcconfig */;
			buildSettings = {
				ALWAYS_EMBED_SWIFT_STANDARD_LIBRARIES = YES;
				BUNDLE_LOADER = "$(TEST_HOST)";
				CODE_SIGN_STYLE = Automatic;
				DEVELOPMENT_TEAM = P3K3QFQ884;
				INFOPLIST_FILE = Idus_Test_AppTests/Info.plist;
				IPHONEOS_DEPLOYMENT_TARGET = 13.2;
				LD_RUNPATH_SEARCH_PATHS = (
					"$(inherited)",
					"@executable_path/Frameworks",
					"@loader_path/Frameworks",
				);
				PRODUCT_BUNDLE_IDENTIFIER = "com.idus.kr.Idus-Test-AppTests";
				PRODUCT_NAME = "$(TARGET_NAME)";
				SWIFT_VERSION = 5.0;
				TARGETED_DEVICE_FAMILY = "1,2";
				TEST_HOST = "$(BUILT_PRODUCTS_DIR)/Idus_Test_App.app/Idus_Test_App";
			};
			name = Debug;
		};
		9B9AEA3F2397DFBE00E20E21 /* Release */ = {
			isa = XCBuildConfiguration;
			baseConfigurationReference = 0D865C2081714BD43DDDDF04 /* Pods-Idus_Test_AppTests.release.xcconfig */;
			buildSettings = {
				ALWAYS_EMBED_SWIFT_STANDARD_LIBRARIES = YES;
				BUNDLE_LOADER = "$(TEST_HOST)";
				CODE_SIGN_STYLE = Automatic;
				DEVELOPMENT_TEAM = P3K3QFQ884;
				INFOPLIST_FILE = Idus_Test_AppTests/Info.plist;
				IPHONEOS_DEPLOYMENT_TARGET = 13.2;
				LD_RUNPATH_SEARCH_PATHS = (
					"$(inherited)",
					"@executable_path/Frameworks",
					"@loader_path/Frameworks",
				);
				PRODUCT_BUNDLE_IDENTIFIER = "com.idus.kr.Idus-Test-AppTests";
				PRODUCT_NAME = "$(TARGET_NAME)";
				SWIFT_VERSION = 5.0;
				TARGETED_DEVICE_FAMILY = "1,2";
				TEST_HOST = "$(BUILT_PRODUCTS_DIR)/Idus_Test_App.app/Idus_Test_App";
			};
			name = Release;
		};
		9B9AEA412397DFBE00E20E21 /* Debug */ = {
			isa = XCBuildConfiguration;
			baseConfigurationReference = B2D1845D5BBB51D5083E7B71 /* Pods-Idus_Test_App-Idus_Test_AppUITests.debug.xcconfig */;
			buildSettings = {
				ALWAYS_EMBED_SWIFT_STANDARD_LIBRARIES = YES;
				CODE_SIGN_STYLE = Automatic;
				DEVELOPMENT_TEAM = P3K3QFQ884;
				INFOPLIST_FILE = Idus_Test_AppUITests/Info.plist;
				LD_RUNPATH_SEARCH_PATHS = (
					"$(inherited)",
					"@executable_path/Frameworks",
					"@loader_path/Frameworks",
				);
				PRODUCT_BUNDLE_IDENTIFIER = "com.idus.kr.Idus-Test-AppUITests";
				PRODUCT_NAME = "$(TARGET_NAME)";
				SWIFT_VERSION = 5.0;
				TARGETED_DEVICE_FAMILY = "1,2";
				TEST_TARGET_NAME = Idus_Test_App;
			};
			name = Debug;
		};
		9B9AEA422397DFBE00E20E21 /* Release */ = {
			isa = XCBuildConfiguration;
			baseConfigurationReference = 56B1241D3AF1A244A7C70AB4 /* Pods-Idus_Test_App-Idus_Test_AppUITests.release.xcconfig */;
			buildSettings = {
				ALWAYS_EMBED_SWIFT_STANDARD_LIBRARIES = YES;
				CODE_SIGN_STYLE = Automatic;
				DEVELOPMENT_TEAM = P3K3QFQ884;
				INFOPLIST_FILE = Idus_Test_AppUITests/Info.plist;
				LD_RUNPATH_SEARCH_PATHS = (
					"$(inherited)",
					"@executable_path/Frameworks",
					"@loader_path/Frameworks",
				);
				PRODUCT_BUNDLE_IDENTIFIER = "com.idus.kr.Idus-Test-AppUITests";
				PRODUCT_NAME = "$(TARGET_NAME)";
				SWIFT_VERSION = 5.0;
				TARGETED_DEVICE_FAMILY = "1,2";
				TEST_TARGET_NAME = Idus_Test_App;
			};
			name = Release;
		};
/* End XCBuildConfiguration section */

/* Begin XCConfigurationList section */
		9B9AEA0B2397DFBA00E20E21 /* Build configuration list for PBXProject "Idus_Test_App" */ = {
			isa = XCConfigurationList;
			buildConfigurations = (
				9B9AEA382397DFBE00E20E21 /* Debug */,
				9B9AEA392397DFBE00E20E21 /* Release */,
			);
			defaultConfigurationIsVisible = 0;
			defaultConfigurationName = Release;
		};
		9B9AEA3A2397DFBE00E20E21 /* Build configuration list for PBXNativeTarget "Idus_Test_App" */ = {
			isa = XCConfigurationList;
			buildConfigurations = (
				9B9AEA3B2397DFBE00E20E21 /* Debug */,
				9B9AEA3C2397DFBE00E20E21 /* Release */,
			);
			defaultConfigurationIsVisible = 0;
			defaultConfigurationName = Release;
		};
		9B9AEA3D2397DFBE00E20E21 /* Build configuration list for PBXNativeTarget "Idus_Test_AppTests" */ = {
			isa = XCConfigurationList;
			buildConfigurations = (
				9B9AEA3E2397DFBE00E20E21 /* Debug */,
				9B9AEA3F2397DFBE00E20E21 /* Release */,
			);
			defaultConfigurationIsVisible = 0;
			defaultConfigurationName = Release;
		};
		9B9AEA402397DFBE00E20E21 /* Build configuration list for PBXNativeTarget "Idus_Test_AppUITests" */ = {
			isa = XCConfigurationList;
			buildConfigurations = (
				9B9AEA412397DFBE00E20E21 /* Debug */,
				9B9AEA422397DFBE00E20E21 /* Release */,
			);
			defaultConfigurationIsVisible = 0;
			defaultConfigurationName = Release;
		};
/* End XCConfigurationList section */
	};
	rootObject = 9B9AEA082397DFBA00E20E21 /* Project object */;
}
